
Microsoft Visual Studio Solution File, Format Version 12.00
# Visual Studio 15
VisualStudioVersion = 15.0.27130.2026
MinimumVisualStudioVersion = 10.0.40219.1
Project("{FAE04EC0-301F-11D3-BF4B-00C04F79EFBC}") = "MiniTriWpf", "MiniTriWpf\MiniTriWpf.csproj", "{ED605102-58C0-474B-9A51-6A458D774BB6}"
EndProject
Global
	GlobalSection(SolutionConfigurationPlatforms) = preSolution
		Debug|Any CPU = Debug|Any CPU
		Release|Any CPU = Release|Any CPU
	EndGlobalSection
	GlobalSection(ProjectConfigurationPlatforms) = postSolution
		{ED605102-58C0-474B-9A51-6A458D774BB6}.Debug|Any CPU.ActiveCfg = Debug|Any CPU
		{ED605102-58C0-474B-9A51-6A458D774BB6}.Debug|Any CPU.Build.0 = Debug|Any CPU
		{ED605102-58C0-474B-9A51-6A458D774BB6}.Release|Any CPU.ActiveCfg = Release|Any CPU
		{ED605102-58C0-474B-9A51-6A458D774BB6}.Release|Any CPU.Build.0 = Release|Any CPU
	EndGlobalSection
	GlobalSection(SolutionProperties) = preSolution
		HideSolutionNode = FALSE
	EndGlobalSection
	GlobalSection(ExtensibilityGlobals) = postSolution
		SolutionGuid = {B8931466-8ADC-402B-B4D2-F9E662363C85}
	EndGlobalSection
EndGlobal
